
Microsoft Visual Studio Solution File, Format Version 12.00
# Visual Studio 15
VisualStudioVersion = 15.0.28307.438
MinimumVisualStudioVersion = 10.0.40219.1
Project("{FAE04EC0-301F-11D3-BF4B-00C04F79EFBC}") = "RentalKendaraan_091", "RentalKendaraan_091\RentalKendaraan_091.csproj", "{DEF65E3C-2AC1-4F14-8F9D-78B1A980AB03}"
EndProject
Global
	GlobalSection(SolutionConfigurationPlatforms) = preSolution
		Debug|Any CPU = Debug|Any CPU
		Release|Any CPU = Release|Any CPU
	EndGlobalSection
	GlobalSection(ProjectConfigurationPlatforms) = postSolution
		{DEF65E3C-2AC1-4F14-8F9D-78B1A980AB03}.Debug|Any CPU.ActiveCfg = Debug|Any CPU
		{DEF65E3C-2AC1-4F14-8F9D-78B1A980AB03}.Debug|Any CPU.Build.0 = Debug|Any CPU
		{DEF65E3C-2AC1-4F14-8F9D-78B1A980AB03}.Release|Any CPU.ActiveCfg = Release|Any CPU
		{DEF65E3C-2AC1-4F14-8F9D-78B1A980AB03}.Release|Any CPU.Build.0 = Release|Any CPU
	EndGlobalSection
	GlobalSection(SolutionProperties) = preSolution
		HideSolutionNode = FALSE
	EndGlobalSection
	GlobalSection(ExtensibilityGlobals) = postSolution
		SolutionGuid = {387E280E-040A-48AE-BEBC-8375C80C55E7}
	EndGlobalSection
EndGlobal
